
Microsoft Visual Studio Solution File, Format Version 12.00
# Visual Studio 14
VisualStudioVersion = 14.0.25123.0
MinimumVisualStudioVersion = 10.0.40219.1
Project("{FAE04EC0-301F-11D3-BF4B-00C04F79EFBC}") = "AntiCafe", "AntiCafe\AntiCafe.csproj", "{9F4383DA-3602-4188-A823-AD42764CA5F6}"
EndProject
Project("{FAE04EC0-301F-11D3-BF4B-00C04F79EFBC}") = "DAL", "DAL\DAL.csproj", "{FC6F9772-3B67-4FBB-89AA-477474522336}"
EndProject
Project("{FAE04EC0-301F-11D3-BF4B-00C04F79EFBC}") = "BLL", "BLL\BLL.csproj", "{16F7973B-188E-4625-9E3B-97D49A13EB36}"
EndProject
Project("{FAE04EC0-301F-11D3-BF4B-00C04F79EFBC}") = "Tests", "Tests\Tests.csproj", "{D58DB430-93BC-40C5-AFE0-396619471ECB}"
EndProject
Global
	GlobalSection(SolutionConfigurationPlatforms) = preSolution
		Debug|Any CPU = Debug|Any CPU
		Release|Any CPU = Release|Any CPU
	EndGlobalSection
	GlobalSection(ProjectConfigurationPlatforms) = postSolution
		{9F4383DA-3602-4188-A823-AD42764CA5F6}.Debug|Any CPU.ActiveCfg = Debug|Any CPU
		{9F4383DA-3602-4188-A823-AD42764CA5F6}.Debug|Any CPU.Build.0 = Debug|Any CPU
		{9F4383DA-3602-4188-A823-AD42764CA5F6}.Release|Any CPU.ActiveCfg = Release|Any CPU
		{9F4383DA-3602-4188-A823-AD42764CA5F6}.Release|Any CPU.Build.0 = Release|Any CPU
		{FC6F9772-3B67-4FBB-89AA-477474522336}.Debug|Any CPU.ActiveCfg = Debug|Any CPU
		{FC6F9772-3B67-4FBB-89AA-477474522336}.Debug|Any CPU.Build.0 = Debug|Any CPU
		{FC6F9772-3B67-4FBB-89AA-477474522336}.Release|Any CPU.ActiveCfg = Release|Any CPU
		{FC6F9772-3B67-4FBB-89AA-477474522336}.Release|Any CPU.Build.0 = Release|Any CPU
		{16F7973B-188E-4625-9E3B-97D49A13EB36}.Debug|Any CPU.ActiveCfg = Debug|Any CPU
		{16F7973B-188E-4625-9E3B-97D49A13EB36}.Debug|Any CPU.Build.0 = Debug|Any CPU
		{16F7973B-188E-4625-9E3B-97D49A13EB36}.Release|Any CPU.ActiveCfg = Release|Any CPU
		{16F7973B-188E-4625-9E3B-97D49A13EB36}.Release|Any CPU.Build.0 = Release|Any CPU
		{D58DB430-93BC-40C5-AFE0-396619471ECB}.Debug|Any CPU.ActiveCfg = Debug|Any CPU
		{D58DB430-93BC-40C5-AFE0-396619471ECB}.Debug|Any CPU.Build.0 = Debug|Any CPU
		{D58DB430-93BC-40C5-AFE0-396619471ECB}.Release|Any CPU.ActiveCfg = Release|Any CPU
		{D58DB430-93BC-40C5-AFE0-396619471ECB}.Release|Any CPU.Build.0 = Release|Any CPU
	EndGlobalSection
	GlobalSection(SolutionProperties) = preSolution
		HideSolutionNode = FALSE
	EndGlobalSection
EndGlobal
